
Microsoft Visual Studio Solution File, Format Version 12.00
# Visual Studio Version 16
VisualStudioVersion = 16.0.31702.278
MinimumVisualStudioVersion = 10.0.40219.1
Project("{FAE04EC0-301F-11D3-BF4B-00C04F79EFBC}") = "Galgje", "Galgje\Galgje.csproj", "{F4F90DFB-D609-4AB3-9F73-7370890E5AD5}"
EndProject
Global
	GlobalSection(SolutionConfigurationPlatforms) = preSolution
		Debug|Any CPU = Debug|Any CPU
		Release|Any CPU = Release|Any CPU
	EndGlobalSection
	GlobalSection(ProjectConfigurationPlatforms) = postSolution
		{F4F90DFB-D609-4AB3-9F73-7370890E5AD5}.Debug|Any CPU.ActiveCfg = Debug|Any CPU
		{F4F90DFB-D609-4AB3-9F73-7370890E5AD5}.Debug|Any CPU.Build.0 = Debug|Any CPU
		{F4F90DFB-D609-4AB3-9F73-7370890E5AD5}.Release|Any CPU.ActiveCfg = Release|Any CPU
		{F4F90DFB-D609-4AB3-9F73-7370890E5AD5}.Release|Any CPU.Build.0 = Release|Any CPU
	EndGlobalSection
	GlobalSection(SolutionProperties) = preSolution
		HideSolutionNode = FALSE
	EndGlobalSection
	GlobalSection(ExtensibilityGlobals) = postSolution
		SolutionGuid = {A3AB3F9D-6C88-44E5-A362-3AA22F7D1D83}
	EndGlobalSection
EndGlobal
